
Microsoft Visual Studio Solution File, Format Version 12.00
# Visual Studio 15
VisualStudioVersion = 15.0.27703.2042
MinimumVisualStudioVersion = 10.0.40219.1
Project("{8BC9CEB8-8B4A-11D0-8D11-00A0C91BC942}") = "数据结构九", "数据结构九\数据结构九.vcxproj", "{FDE4C22E-3089-43A6-8CEC-874894FE345F}"
EndProject
Global
	GlobalSection(SolutionConfigurationPlatforms) = preSolution
		Debug|x64 = Debug|x64
		Debug|x86 = Debug|x86
		Release|x64 = Release|x64
		Release|x86 = Release|x86
	EndGlobalSection
	GlobalSection(ProjectConfigurationPlatforms) = postSolution
		{FDE4C22E-3089-43A6-8CEC-874894FE345F}.Debug|x64.ActiveCfg = Debug|x64
		{FDE4C22E-3089-43A6-8CEC-874894FE345F}.Debug|x64.Build.0 = Debug|x64
		{FDE4C22E-3089-43A6-8CEC-874894FE345F}.Debug|x86.ActiveCfg = Debug|Win32
		{FDE4C22E-3089-43A6-8CEC-874894FE345F}.Debug|x86.Build.0 = Debug|Win32
		{FDE4C22E-3089-43A6-8CEC-874894FE345F}.Release|x64.ActiveCfg = Release|x64
		{FDE4C22E-3089-43A6-8CEC-874894FE345F}.Release|x64.Build.0 = Release|x64
		{FDE4C22E-3089-43A6-8CEC-874894FE345F}.Release|x86.ActiveCfg = Release|Win32
		{FDE4C22E-3089-43A6-8CEC-874894FE345F}.Release|x86.Build.0 = Release|Win32
	EndGlobalSection
	GlobalSection(SolutionProperties) = preSolution
		HideSolutionNode = FALSE
	EndGlobalSection
	GlobalSection(ExtensibilityGlobals) = postSolution
		SolutionGuid = {907A4568-5F7C-4383-AC50-66313E9F39A3}
	EndGlobalSection
EndGlobal
