
Microsoft Visual Studio Solution File, Format Version 12.00
# Visual Studio 15
VisualStudioVersion = 15.0.27703.2042
MinimumVisualStudioVersion = 10.0.40219.1
Project("{8BC9CEB8-8B4A-11D0-8D11-00A0C91BC942}") = "RefGenList", "RefGenList\RefGenList.vcxproj", "{37E5A906-455E-4B9D-82CD-38EE1F7428D9}"
EndProject
Global
	GlobalSection(SolutionConfigurationPlatforms) = preSolution
		Debug|x64 = Debug|x64
		Debug|x86 = Debug|x86
		Release|x64 = Release|x64
		Release|x86 = Release|x86
	EndGlobalSection
	GlobalSection(ProjectConfigurationPlatforms) = postSolution
		{37E5A906-455E-4B9D-82CD-38EE1F7428D9}.Debug|x64.ActiveCfg = Debug|x64
		{37E5A906-455E-4B9D-82CD-38EE1F7428D9}.Debug|x64.Build.0 = Debug|x64
		{37E5A906-455E-4B9D-82CD-38EE1F7428D9}.Debug|x86.ActiveCfg = Debug|Win32
		{37E5A906-455E-4B9D-82CD-38EE1F7428D9}.Debug|x86.Build.0 = Debug|Win32
		{37E5A906-455E-4B9D-82CD-38EE1F7428D9}.Release|x64.ActiveCfg = Release|x64
		{37E5A906-455E-4B9D-82CD-38EE1F7428D9}.Release|x64.Build.0 = Release|x64
		{37E5A906-455E-4B9D-82CD-38EE1F7428D9}.Release|x86.ActiveCfg = Release|Win32
		{37E5A906-455E-4B9D-82CD-38EE1F7428D9}.Release|x86.Build.0 = Release|Win32
	EndGlobalSection
	GlobalSection(SolutionProperties) = preSolution
		HideSolutionNode = FALSE
	EndGlobalSection
	GlobalSection(ExtensibilityGlobals) = postSolution
		SolutionGuid = {577C65F2-D999-4BD9-ACE5-F7E1FD3397B5}
	EndGlobalSection
EndGlobal
