
Microsoft Visual Studio Solution File, Format Version 12.00
# Visual Studio 15
VisualStudioVersion = 15.0.27703.2042
MinimumVisualStudioVersion = 10.0.40219.1
Project("{8BC9CEB8-8B4A-11D0-8D11-00A0C91BC942}") = "数据结构四", "数据结构四\数据结构四.vcxproj", "{E1BD4459-879E-43D9-B305-169C745154F7}"
EndProject
Global
	GlobalSection(SolutionConfigurationPlatforms) = preSolution
		Debug|x64 = Debug|x64
		Debug|x86 = Debug|x86
		Release|x64 = Release|x64
		Release|x86 = Release|x86
	EndGlobalSection
	GlobalSection(ProjectConfigurationPlatforms) = postSolution
		{E1BD4459-879E-43D9-B305-169C745154F7}.Debug|x64.ActiveCfg = Debug|x64
		{E1BD4459-879E-43D9-B305-169C745154F7}.Debug|x64.Build.0 = Debug|x64
		{E1BD4459-879E-43D9-B305-169C745154F7}.Debug|x86.ActiveCfg = Debug|Win32
		{E1BD4459-879E-43D9-B305-169C745154F7}.Debug|x86.Build.0 = Debug|Win32
		{E1BD4459-879E-43D9-B305-169C745154F7}.Release|x64.ActiveCfg = Release|x64
		{E1BD4459-879E-43D9-B305-169C745154F7}.Release|x64.Build.0 = Release|x64
		{E1BD4459-879E-43D9-B305-169C745154F7}.Release|x86.ActiveCfg = Release|Win32
		{E1BD4459-879E-43D9-B305-169C745154F7}.Release|x86.Build.0 = Release|Win32
	EndGlobalSection
	GlobalSection(SolutionProperties) = preSolution
		HideSolutionNode = FALSE
	EndGlobalSection
	GlobalSection(ExtensibilityGlobals) = postSolution
		SolutionGuid = {60FA75D8-8B6A-4863-90B1-62AE01CB75C1}
	EndGlobalSection
EndGlobal
